// !$*UTF8*$!
{
	archiveVersion = 1;
	classes = {
	};
	objectVersion = 50;
	objects = {

/* Begin PBXBuildFile section */
		606A55A8257434E400F5806F /* TitleView.swift in Sources */ = {isa = PBXBuildFile; fileRef = 606A55A7257434E400F5806F /* TitleView.swift */; };
		606A55AC2574358100F5806F /* StepHeader.swift in Sources */ = {isa = PBXBuildFile; fileRef = 606A55AB2574358100F5806F /* StepHeader.swift */; };
		606A55AF257436B200F5806F /* LabeledValueEntry.swift in Sources */ = {isa = PBXBuildFile; fileRef = 606A55AE257436B200F5806F /* LabeledValueEntry.swift */; };
		606A55B42574377700F5806F /* StepOne.swift in Sources */ = {isa = PBXBuildFile; fileRef = 606A55B32574377700F5806F /* StepOne.swift */; };
		606A55B72574590100F5806F /* StepTwo.swift in Sources */ = {isa = PBXBuildFile; fileRef = 606A55B62574590100F5806F /* StepTwo.swift */; };
		606A55BA25745F0400F5806F /* ValueLabel.swift in Sources */ = {isa = PBXBuildFile; fileRef = 606A55B925745F0400F5806F /* ValueLabel.swift */; };
		60D41BC7256F56CB009F27DD /* RSACalculatorViewModel.swift in Sources */ = {isa = PBXBuildFile; fileRef = 60D41BC6256F56CB009F27DD /* RSACalculatorViewModel.swift */; };
		60D41BCA256F56F4009F27DD /* RSACalculatorModel.swift in Sources */ = {isa = PBXBuildFile; fileRef = 60D41BC9256F56F4009F27DD /* RSACalculatorModel.swift */; };
		60DF2EB8256CA82000F595D4 /* RSACalculatorApp.swift in Sources */ = {isa = PBXBuildFile; fileRef = 60DF2EB7256CA82000F595D4 /* RSACalculatorApp.swift */; };
		60DF2EBA256CA82000F595D4 /* RSACalculatorView.swift in Sources */ = {isa = PBXBuildFile; fileRef = 60DF2EB9256CA82000F595D4 /* RSACalculatorView.swift */; };
		60DF2EBC256CA82100F595D4 /* Assets.xcassets in Resources */ = {isa = PBXBuildFile; fileRef = 60DF2EBB256CA82100F595D4 /* Assets.xcassets */; };
		60DF2EBF256CA82100F595D4 /* Preview Assets.xcassets in Resources */ = {isa = PBXBuildFile; fileRef = 60DF2EBE256CA82100F595D4 /* Preview Assets.xcassets */; };
/* End PBXBuildFile section */

/* Begin PBXFileReference section */
		606A55A7257434E400F5806F /* TitleView.swift */ = {isa = PBXFileReference; lastKnownFileType = sourcecode.swift; path = TitleView.swift; sourceTree = "<group>"; };
		606A55AB2574358100F5806F /* StepHeader.swift */ = {isa = PBXFileReference; lastKnownFileType = sourcecode.swift; path = StepHeader.swift; sourceTree = "<group>"; };
		606A55AE257436B200F5806F /* LabeledValueEntry.swift */ = {isa = PBXFileReference; lastKnownFileType = sourcecode.swift; path = LabeledValueEntry.swift; sourceTree = "<group>"; };
		606A55B32574377700F5806F /* StepOne.swift */ = {isa = PBXFileReference; lastKnownFileType = sourcecode.swift; path = StepOne.swift; sourceTree = "<group>"; };
		606A55B62574590100F5806F /* StepTwo.swift */ = {isa = PBXFileReference; lastKnownFileType = sourcecode.swift; path = StepTwo.swift; sourceTree = "<group>"; };
		606A55B925745F0400F5806F /* ValueLabel.swift */ = {isa = PBXFileReference; lastKnownFileType = sourcecode.swift; path = ValueLabel.swift; sourceTree = "<group>"; };
		60D41BC6256F56CB009F27DD /* RSACalculatorViewModel.swift */ = {isa = PBXFileReference; lastKnownFileType = sourcecode.swift; path = RSACalculatorViewModel.swift; sourceTree = "<group>"; };
		60D41BC9256F56F4009F27DD /* RSACalculatorModel.swift */ = {isa = PBXFileReference; lastKnownFileType = sourcecode.swift; path = RSACalculatorModel.swift; sourceTree = "<group>"; };
		60DF2EB4256CA82000F595D4 /* RSACalculator.app */ = {isa = PBXFileReference; explicitFileType = wrapper.application; includeInIndex = 0; path = RSACalculator.app; sourceTree = BUILT_PRODUCTS_DIR; };
		60DF2EB7256CA82000F595D4 /* RSACalculatorApp.swift */ = {isa = PBXFileReference; lastKnownFileType = sourcecode.swift; path = RSACalculatorApp.swift; sourceTree = "<group>"; };
		60DF2EB9256CA82000F595D4 /* RSACalculatorView.swift */ = {isa = PBXFileReference; lastKnownFileType = sourcecode.swift; path = RSACalculatorView.swift; sourceTree = "<group>"; };
		60DF2EBB256CA82100F595D4 /* Assets.xcassets */ = {isa = PBXFileReference; lastKnownFileType = folder.assetcatalog; path = Assets.xcassets; sourceTree = "<group>"; };
		60DF2EBE256CA82100F595D4 /* Preview Assets.xcassets */ = {isa = PBXFileReference; lastKnownFileType = folder.assetcatalog; path = "Preview Assets.xcassets"; sourceTree = "<group>"; };
		60DF2EC0256CA82100F595D4 /* Info.plist */ = {isa = PBXFileReference; lastKnownFileType = text.plist.xml; path = Info.plist; sourceTree = "<group>"; };
/* End PBXFileReference section */

/* Begin PBXFrameworksBuildPhase section */
		60DF2EB1256CA82000F595D4 /* Frameworks */ = {
			isa = PBXFrameworksBuildPhase;
			buildActionMask = 2147483647;
			files = (
			);
			runOnlyForDeploymentPostprocessing = 0;
		};
/* End PBXFrameworksBuildPhase section */

/* Begin PBXGroup section */
		606A55A4257432F500F5806F /* Component Views */ = {
			isa = PBXGroup;
			children = (
				606A55A7257434E400F5806F /* TitleView.swift */,
				606A55AB2574358100F5806F /* StepHeader.swift */,
				606A55AE257436B200F5806F /* LabeledValueEntry.swift */,
				606A55B925745F0400F5806F /* ValueLabel.swift */,
			);
			path = "Component Views";
			sourceTree = "<group>";
		};
		606A55B12574374400F5806F /* Step Views */ = {
			isa = PBXGroup;
			children = (
				606A55B32574377700F5806F /* StepOne.swift */,
				606A55B62574590100F5806F /* StepTwo.swift */,
			);
			path = "Step Views";
			sourceTree = "<group>";
		};
		60DF2EAB256CA82000F595D4 = {
			isa = PBXGroup;
			children = (
				60DF2EB6256CA82000F595D4 /* RSACalculator */,
				60DF2EB5256CA82000F595D4 /* Products */,
			);
			sourceTree = "<group>";
		};
		60DF2EB5256CA82000F595D4 /* Products */ = {
			isa = PBXGroup;
			children = (
				60DF2EB4256CA82000F595D4 /* RSACalculator.app */,
			);
			name = Products;
			sourceTree = "<group>";
		};
		60DF2EB6256CA82000F595D4 /* RSACalculator */ = {
			isa = PBXGroup;
			children = (
				60DF2EC8256CAE4500F595D4 /* RSA Calculator */,
				60DF2EB7256CA82000F595D4 /* RSACalculatorApp.swift */,
				60DF2EBB256CA82100F595D4 /* Assets.xcassets */,
				60DF2EC0256CA82100F595D4 /* Info.plist */,
				60DF2EBD256CA82100F595D4 /* Preview Content */,
			);
			path = RSACalculator;
			sourceTree = "<group>";
		};
		60DF2EBD256CA82100F595D4 /* Preview Content */ = {
			isa = PBXGroup;
			children = (
				60DF2EBE256CA82100F595D4 /* Preview Assets.xcassets */,
			);
			path = "Preview Content";
			sourceTree = "<group>";
		};
		60DF2EC8256CAE4500F595D4 /* RSA Calculator */ = {
			isa = PBXGroup;
			children = (
				606A55B12574374400F5806F /* Step Views */,
				606A55A4257432F500F5806F /* Component Views */,
				60DF2EB9256CA82000F595D4 /* RSACalculatorView.swift */,
				60D41BC6256F56CB009F27DD /* RSACalculatorViewModel.swift */,
				60D41BC9256F56F4009F27DD /* RSACalculatorModel.swift */,
			);
			path = "RSA Calculator";
			sourceTree = "<group>";
		};
/* End PBXGroup section */

/* Begin PBXNativeTarget section */
		60DF2EB3256CA82000F595D4 /* RSACalculator */ = {
			isa = PBXNativeTarget;
			buildConfigurationList = 60DF2EC3256CA82100F595D4 /* Build configuration list for PBXNativeTarget "RSACalculator" */;
			buildPhases = (
				60DF2EB0256CA82000F595D4 /* Sources */,
				60DF2EB1256CA82000F595D4 /* Frameworks */,
				60DF2EB2256CA82000F595D4 /* Resources */,
			);
			buildRules = (
			);
			dependencies = (
			);
			name = RSACalculator;
			productName = RSACalculator;
			productReference = 60DF2EB4256CA82000F595D4 /* RSACalculator.app */;
			productType = "com.apple.product-type.application";
		};
/* End PBXNativeTarget section */

/* Begin PBXProject section */
		60DF2EAC256CA82000F595D4 /* Project object */ = {
			isa = PBXProject;
			attributes = {
				LastSwiftUpdateCheck = 1200;
				LastUpgradeCheck = 1200;
				TargetAttributes = {
					60DF2EB3256CA82000F595D4 = {
						CreatedOnToolsVersion = 12.0;
					};
				};
			};
			buildConfigurationList = 60DF2EAF256CA82000F595D4 /* Build configuration list for PBXProject "RSACalculator" */;
			compatibilityVersion = "Xcode 9.3";
			developmentRegion = en;
			hasScannedForEncodings = 0;
			knownRegions = (
				en,
				Base,
			);
			mainGroup = 60DF2EAB256CA82000F595D4;
			productRefGroup = 60DF2EB5256CA82000F595D4 /* Products */;
			projectDirPath = "";
			projectRoot = "";
			targets = (
				60DF2EB3256CA82000F595D4 /* RSACalculator */,
			);
		};
/* End PBXProject section */

/* Begin PBXResourcesBuildPhase section */
		60DF2EB2256CA82000F595D4 /* Resources */ = {
			isa = PBXResourcesBuildPhase;
			buildActionMask = 2147483647;
			files = (
				60DF2EBF256CA82100F595D4 /* Preview Assets.xcassets in Resources */,
				60DF2EBC256CA82100F595D4 /* Assets.xcassets in Resources */,
			);
			runOnlyForDeploymentPostprocessing = 0;
		};
/* End PBXResourcesBuildPhase section */

/* Begin PBXSourcesBuildPhase section */
		60DF2EB0256CA82000F595D4 /* Sources */ = {
			isa = PBXSourcesBuildPhase;
			buildActionMask = 2147483647;
			files = (
				606A55B72574590100F5806F /* StepTwo.swift in Sources */,
				606A55AC2574358100F5806F /* StepHeader.swift in Sources */,
				606A55BA25745F0400F5806F /* ValueLabel.swift in Sources */,
				606A55AF257436B200F5806F /* LabeledValueEntry.swift in Sources */,
				60D41BCA256F56F4009F27DD /* RSACalculatorModel.swift in Sources */,
				60DF2EBA256CA82000F595D4 /* RSACalculatorView.swift in Sources */,
				60DF2EB8256CA82000F595D4 /* RSACalculatorApp.swift in Sources */,
				60D41BC7256F56CB009F27DD /* RSACalculatorViewModel.swift in Sources */,
				606A55B42574377700F5806F /* StepOne.swift in Sources */,
				606A55A8257434E400F5806F /* TitleView.swift in Sources */,
			);
			runOnlyForDeploymentPostprocessing = 0;
		};
/* End PBXSourcesBuildPhase section */

/* Begin XCBuildConfiguration section */
		60DF2EC1256CA82100F595D4 /* Debug */ = {
			isa = XCBuildConfiguration;
			buildSettings = {
				ALWAYS_SEARCH_USER_PATHS = NO;
				CLANG_ANALYZER_NONNULL = YES;
				CLANG_ANALYZER_NUMBER_OBJECT_CONVERSION = YES_AGGRESSIVE;
				CLANG_CXX_LANGUAGE_STANDARD = "gnu++14";
				CLANG_CXX_LIBRARY = "libc++";
				CLANG_ENABLE_MODULES = YES;
				CLANG_ENABLE_OBJC_ARC = YES;
				CLANG_ENABLE_OBJC_WEAK = YES;
				CLANG_WARN_BLOCK_CAPTURE_AUTORELEASING = YES;
				CLANG_WARN_BOOL_CONVERSION = YES;
				CLANG_WARN_COMMA = YES;
				CLANG_WARN_CONSTANT_CONVERSION = YES;
				CLANG_WARN_DEPRECATED_OBJC_IMPLEMENTATIONS = YES;
				CLANG_WARN_DIRECT_OBJC_ISA_USAGE = YES_ERROR;
				CLANG_WARN_DOCUMENTATION_COMMENTS = YES;
				CLANG_WARN_EMPTY_BODY = YES;
				CLANG_WARN_ENUM_CONVERSION = YES;
				CLANG_WARN_INFINITE_RECURSION = YES;
				CLANG_WARN_INT_CONVERSION = YES;
				CLANG_WARN_NON_LITERAL_NULL_CONVERSION = YES;
				CLANG_WARN_OBJC_IMPLICIT_RETAIN_SELF = YES;
				CLANG_WARN_OBJC_LITERAL_CONVERSION = YES;
				CLANG_WARN_OBJC_ROOT_CLASS = YES_ERROR;
				CLANG_WARN_QUOTED_INCLUDE_IN_FRAMEWORK_HEADER = YES;
				CLANG_WARN_RANGE_LOOP_ANALYSIS = YES;
				CLANG_WARN_STRICT_PROTOTYPES = YES;
				CLANG_WARN_SUSPICIOUS_MOVE = YES;
				CLANG_WARN_UNGUARDED_AVAILABILITY = YES_AGGRESSIVE;
				CLANG_WARN_UNREACHABLE_CODE = YES;
				CLANG_WARN__DUPLICATE_METHOD_MATCH = YES;
				COPY_PHASE_STRIP = NO;
				DEBUG_INFORMATION_FORMAT = dwarf;
				ENABLE_STRICT_OBJC_MSGSEND = YES;
				ENABLE_TESTABILITY = YES;
				GCC_C_LANGUAGE_STANDARD = gnu11;
				GCC_DYNAMIC_NO_PIC = NO;
				GCC_NO_COMMON_BLOCKS = YES;
				GCC_OPTIMIZATION_LEVEL = 0;
				GCC_PREPROCESSOR_DEFINITIONS = (
					"DEBUG=1",
					"$(inherited)",
				);
				GCC_WARN_64_TO_32_BIT_CONVERSION = YES;
				GCC_WARN_ABOUT_RETURN_TYPE = YES_ERROR;
				GCC_WARN_UNDECLARED_SELECTOR = YES;
				GCC_WARN_UNINITIALIZED_AUTOS = YES_AGGRESSIVE;
				GCC_WARN_UNUSED_FUNCTION = YES;
				GCC_WARN_UNUSED_VARIABLE = YES;
				IPHONEOS_DEPLOYMENT_TARGET = 14.0;
				MTL_ENABLE_DEBUG_INFO = INCLUDE_SOURCE;
				MTL_FAST_MATH = YES;
				ONLY_ACTIVE_ARCH = YES;
				SDKROOT = iphoneos;
				SWIFT_ACTIVE_COMPILATION_CONDITIONS = DEBUG;
				SWIFT_OPTIMIZATION_LEVEL = "-Onone";
			};
			name = Debug;
		};
		60DF2EC2256CA82100F595D4 /* Release */ = {
			isa = XCBuildConfiguration;
			buildSettings = {
				ALWAYS_SEARCH_USER_PATHS = NO;
				CLANG_ANALYZER_NONNULL = YES;
				CLANG_ANALYZER_NUMBER_OBJECT_CONVERSION = YES_AGGRESSIVE;
				CLANG_CXX_LANGUAGE_STANDARD = "gnu++14";
				CLANG_CXX_LIBRARY = "libc++";
				CLANG_ENABLE_MODULES = YES;
				CLANG_ENABLE_OBJC_ARC = YES;
				CLANG_ENABLE_OBJC_WEAK = YES;
				CLANG_WARN_BLOCK_CAPTURE_AUTORELEASING = YES;
				CLANG_WARN_BOOL_CONVERSION = YES;
				CLANG_WARN_COMMA = YES;
				CLANG_WARN_CONSTANT_CONVERSION = YES;
				CLANG_WARN_DEPRECATED_OBJC_IMPLEMENTATIONS = YES;
				CLANG_WARN_DIRECT_OBJC_ISA_USAGE = YES_ERROR;
				CLANG_WARN_DOCUMENTATION_COMMENTS = YES;
				CLANG_WARN_EMPTY_BODY = YES;
				CLANG_WARN_ENUM_CONVERSION = YES;
				CLANG_WARN_INFINITE_RECURSION = YES;
				CLANG_WARN_INT_CONVERSION = YES;
				CLANG_WARN_NON_LITERAL_NULL_CONVERSION = YES;
				CLANG_WARN_OBJC_IMPLICIT_RETAIN_SELF = YES;
				CLANG_WARN_OBJC_LITERAL_CONVERSION = YES;
				CLANG_WARN_OBJC_ROOT_CLASS = YES_ERROR;
				CLANG_WARN_QUOTED_INCLUDE_IN_FRAMEWORK_HEADER = YES;
				CLANG_WARN_RANGE_LOOP_ANALYSIS = YES;
				CLANG_WARN_STRICT_PROTOTYPES = YES;
				CLANG_WARN_SUSPICIOUS_MOVE = YES;
				CLANG_WARN_UNGUARDED_AVAILABILITY = YES_AGGRESSIVE;
				CLANG_WARN_UNREACHABLE_CODE = YES;
				CLANG_WARN__DUPLICATE_METHOD_MATCH = YES;
				COPY_PHASE_STRIP = NO;
				DEBUG_INFORMATION_FORMAT = "dwarf-with-dsym";
				ENABLE_NS_ASSERTIONS = NO;
				ENABLE_STRICT_OBJC_MSGSEND = YES;
				GCC_C_LANGUAGE_STANDARD = gnu11;
				GCC_NO_COMMON_BLOCKS = YES;
				GCC_WARN_64_TO_32_BIT_CONVERSION = YES;
				GCC_WARN_ABOUT_RETURN_TYPE = YES_ERROR;
				GCC_WARN_UNDECLARED_SELECTOR = YES;
				GCC_WARN_UNINITIALIZED_AUTOS = YES_AGGRESSIVE;
				GCC_WARN_UNUSED_FUNCTION = YES;
				GCC_WARN_UNUSED_VARIABLE = YES;
				IPHONEOS_DEPLOYMENT_TARGET = 14.0;
				MTL_ENABLE_DEBUG_INFO = NO;
				MTL_FAST_MATH = YES;
				SDKROOT = iphoneos;
				SWIFT_COMPILATION_MODE = wholemodule;
				SWIFT_OPTIMIZATION_LEVEL = "-O";
				VALIDATE_PRODUCT = YES;
			};
			name = Release;
		};
		60DF2EC4256CA82100F595D4 /* Debug */ = {
			isa = XCBuildConfiguration;
			buildSettings = {
				ASSETCATALOG_COMPILER_APPICON_NAME = AppIcon;
				ASSETCATALOG_COMPILER_GLOBAL_ACCENT_COLOR_NAME = AccentColor;
				CODE_SIGN_STYLE = Automatic;
				DEVELOPMENT_ASSET_PATHS = "\"RSACalculator/Preview Content\"";
				DEVELOPMENT_TEAM = 3C9P7PTK6N;
				ENABLE_PREVIEWS = YES;
				INFOPLIST_FILE = RSACalculator/Info.plist;
				IPHONEOS_DEPLOYMENT_TARGET = 14.0;
				LD_RUNPATH_SEARCH_PATHS = (
					"$(inherited)",
					"@executable_path/Frameworks",
				);
				PRODUCT_BUNDLE_IDENTIFIER = com.jeremyfleshman.RSACalculator;
				PRODUCT_NAME = "$(TARGET_NAME)";
				SWIFT_VERSION = 5.0;
				TARGETED_DEVICE_FAMILY = "1,2";
			};
			name = Debug;
		};
		60DF2EC5256CA82100F595D4 /* Release */ = {
			isa = XCBuildConfiguration;
			buildSettings = {
				ASSETCATALOG_COMPILER_APPICON_NAME = AppIcon;
				ASSETCATALOG_COMPILER_GLOBAL_ACCENT_COLOR_NAME = AccentColor;
				CODE_SIGN_STYLE = Automatic;
				DEVELOPMENT_ASSET_PATHS = "\"RSACalculator/Preview Content\"";
				DEVELOPMENT_TEAM = 3C9P7PTK6N;
				ENABLE_PREVIEWS = YES;
				INFOPLIST_FILE = RSACalculator/Info.plist;
				IPHONEOS_DEPLOYMENT_TARGET = 14.0;
				LD_RUNPATH_SEARCH_PATHS = (
					"$(inherited)",
					"@executable_path/Frameworks",
				);
				PRODUCT_BUNDLE_IDENTIFIER = com.jeremyfleshman.RSACalculator;
				PRODUCT_NAME = "$(TARGET_NAME)";
				SWIFT_VERSION = 5.0;
				TARGETED_DEVICE_FAMILY = "1,2";
			};
			name = Release;
		};
/* End XCBuildConfiguration section */

/* Begin XCConfigurationList section */
		60DF2EAF256CA82000F595D4 /* Build configuration list for PBXProject "RSACalculator" */ = {
			isa = XCConfigurationList;
			buildConfigurations = (
				60DF2EC1256CA82100F595D4 /* Debug */,
				60DF2EC2256CA82100F595D4 /* Release */,
			);
			defaultConfigurationIsVisible = 0;
			defaultConfigurationName = Release;
		};
		60DF2EC3256CA82100F595D4 /* Build configuration list for PBXNativeTarget "RSACalculator" */ = {
			isa = XCConfigurationList;
			buildConfigurations = (
				60DF2EC4256CA82100F595D4 /* Debug */,
				60DF2EC5256CA82100F595D4 /* Release */,
			);
			defaultConfigurationIsVisible = 0;
			defaultConfigurationName = Release;
		};
/* End XCConfigurationList section */
	};
	rootObject = 60DF2EAC256CA82000F595D4 /* Project object */;
}
